
Microsoft Visual Studio Solution File, Format Version 12.00
# Visual Studio Version 16
VisualStudioVersion = 16.0.31402.337
MinimumVisualStudioVersion = 10.0.40219.1
Project("{8BC9CEB8-8B4A-11D0-8D11-00A0C91BC942}") = "Winpinator", "Winpinator.vcxproj", "{E3143B6D-79A0-4B71-9673-8CD0CBD76148}"
EndProject
Project("{8BC9CEB8-8B4A-11D0-8D11-00A0C91BC942}") = "test", "test\test.vcxproj", "{9ACA4688-3D0B-4F19-ABA7-6EF589CAC18F}"
	ProjectSection(ProjectDependencies) = postProject
		{E3143B6D-79A0-4B71-9673-8CD0CBD76148} = {E3143B6D-79A0-4B71-9673-8CD0CBD76148}
	EndProjectSection
EndProject
Global
	GlobalSection(SolutionConfigurationPlatforms) = preSolution
		Debug|x64 = Debug|x64
		Debug|x86 = Debug|x86
		Deploy|x64 = Deploy|x64
		Deploy|x86 = Deploy|x86
		Release|x64 = Release|x64
		Release|x86 = Release|x86
	EndGlobalSection
	GlobalSection(ProjectConfigurationPlatforms) = postSolution
		{E3143B6D-79A0-4B71-9673-8CD0CBD76148}.Debug|x64.ActiveCfg = Debug|x64
		{E3143B6D-79A0-4B71-9673-8CD0CBD76148}.Debug|x64.Build.0 = Debug|x64
		{E3143B6D-79A0-4B71-9673-8CD0CBD76148}.Debug|x86.ActiveCfg = Debug|Win32
		{E3143B6D-79A0-4B71-9673-8CD0CBD76148}.Debug|x86.Build.0 = Debug|Win32
		{E3143B6D-79A0-4B71-9673-8CD0CBD76148}.Deploy|x64.ActiveCfg = Deploy|x64
		{E3143B6D-79A0-4B71-9673-8CD0CBD76148}.Deploy|x64.Build.0 = Deploy|x64
		{E3143B6D-79A0-4B71-9673-8CD0CBD76148}.Deploy|x86.ActiveCfg = Deploy|Win32
		{E3143B6D-79A0-4B71-9673-8CD0CBD76148}.Deploy|x86.Build.0 = Deploy|Win32
		{E3143B6D-79A0-4B71-9673-8CD0CBD76148}.Release|x64.ActiveCfg = Release|x64
		{E3143B6D-79A0-4B71-9673-8CD0CBD76148}.Release|x64.Build.0 = Release|x64
		{E3143B6D-79A0-4B71-9673-8CD0CBD76148}.Release|x86.ActiveCfg = Release|Win32
		{E3143B6D-79A0-4B71-9673-8CD0CBD76148}.Release|x86.Build.0 = Release|Win32
		{9ACA4688-3D0B-4F19-ABA7-6EF589CAC18F}.Debug|x64.ActiveCfg = Debug|x64
		{9ACA4688-3D0B-4F19-ABA7-6EF589CAC18F}.Debug|x64.Build.0 = Debug|x64
		{9ACA4688-3D0B-4F19-ABA7-6EF589CAC18F}.Debug|x86.ActiveCfg = Debug|Win32
		{9ACA4688-3D0B-4F19-ABA7-6EF589CAC18F}.Debug|x86.Build.0 = Debug|Win32
		{9ACA4688-3D0B-4F19-ABA7-6EF589CAC18F}.Deploy|x64.ActiveCfg = Debug|x64
		{9ACA4688-3D0B-4F19-ABA7-6EF589CAC18F}.Deploy|x64.Build.0 = Debug|x64
		{9ACA4688-3D0B-4F19-ABA7-6EF589CAC18F}.Deploy|x86.ActiveCfg = Debug|Win32
		{9ACA4688-3D0B-4F19-ABA7-6EF589CAC18F}.Deploy|x86.Build.0 = Debug|Win32
		{9ACA4688-3D0B-4F19-ABA7-6EF589CAC18F}.Release|x64.ActiveCfg = Release|x64
		{9ACA4688-3D0B-4F19-ABA7-6EF589CAC18F}.Release|x64.Build.0 = Release|x64
		{9ACA4688-3D0B-4F19-ABA7-6EF589CAC18F}.Release|x86.ActiveCfg = Release|Win32
		{9ACA4688-3D0B-4F19-ABA7-6EF589CAC18F}.Release|x86.Build.0 = Release|Win32
	EndGlobalSection
	GlobalSection(SolutionProperties) = preSolution
		HideSolutionNode = FALSE
	EndGlobalSection
	GlobalSection(ExtensibilityGlobals) = postSolution
		SolutionGuid = {AD73BBCF-AD15-49A0-A146-0A77E6599552}
	EndGlobalSection
EndGlobal
