<?xml version="1.0" encoding="utf-8"?>
<Project ToolsVersion="4.0" xmlns="http://schemas.microsoft.com/developer/msbuild/2003">
  <ItemGroup>
    <Filter Include="vcpkg">
      <UniqueIdentifier>{e6961e7f-0cd8-4d54-8dd3-c056a43a7667}</UniqueIdentifier>
    </Filter>
    <Filter Include="Sources">
      <UniqueIdentifier>{4FC737F1-C7A5-4376-A066-2A32D752A2FF}</UniqueIdentifier>
      <Extensions>cpp;c;cc;cxx;c++;cppm;ixx;def;odl;idl;hpj;bat;asm;asmx</Extensions>
    </Filter>
    <Filter Include="Resources">
      <UniqueIdentifier>{67DA6AB6-F800-4c08-8B7A-83BB121AAD01}</UniqueIdentifier>
      <Extensions>rc;ico;cur;bmp;dlg;rc2;rct;bin;rgs;gif;jpg;jpeg;jpe;resx;tiff;tif;png;wav;mfcribbon-ms</Extensions>
    </Filter>
    <Filter Include="Headers">
      <UniqueIdentifier>{93995380-89BD-4b04-88EB-625FBE52EBFB}</UniqueIdentifier>
      <Extensions>h;hh;hpp;hxx;h++;hm;inl;inc;ipp;xsd</Extensions>
    </Filter>
    <Filter Include="Sources\zeroconf">
      <UniqueIdentifier>{8483c585-8c6c-41ed-8710-85ce5e6938ab}</UniqueIdentifier>
    </Filter>
    <Filter Include="Headers\zeroconf">
      <UniqueIdentifier>{2c8ca931-6a08-4034-8bfe-e7921a71514d}</UniqueIdentifier>
    </Filter>
    <Filter Include="Sources\proto-gen">
      <UniqueIdentifier>{969a887f-cd2d-494b-9d71-f63dfb58aafc}</UniqueIdentifier>
    </Filter>
    <Filter Include="Headers\proto-gen">
      <UniqueIdentifier>{77730da5-4418-4e03-a42e-8eac1c61469f}</UniqueIdentifier>
    </Filter>
    <Filter Include="Sources\gui">
      <UniqueIdentifier>{91f42bd7-ceee-474c-8e07-46620049312d}</UniqueIdentifier>
    </Filter>
    <Filter Include="Headers\gui">
      <UniqueIdentifier>{9e11dcb8-28d8-4a3b-bdf7-916b2638bb2d}</UniqueIdentifier>
    </Filter>
    <Filter Include="Protos">
      <UniqueIdentifier>{c4eb4dc7-6f51-48f8-953a-e644c09f9511}</UniqueIdentifier>
    </Filter>
    <Filter Include="Headers\service">
      <UniqueIdentifier>{a259aad0-a1c9-43c2-a0f2-363ec665417d}</UniqueIdentifier>
    </Filter>
    <Filter Include="Sources\service">
      <UniqueIdentifier>{1c1dc661-e168-4326-b1ca-0dd174c50728}</UniqueIdentifier>
    </Filter>
  </ItemGroup>
  <ItemGroup>
    <None Include="..\vcpkg.json">
      <Filter>vcpkg</Filter>
    </None>
    <None Include="..\win32\winpinator.aps">
      <Filter>Resources</Filter>
    </None>
    <None Include="..\proto\warp.proto">
      <Filter>Protos</Filter>
    </None>
    <None Include="..\proto\generate-protobuf.bat">
      <Filter>Protos</Filter>
    </None>
  </ItemGroup>
  <ItemGroup>
    <ResourceCompile Include="..\win32\winpinator.rc">
      <Filter>Resources</Filter>
    </ResourceCompile>
  </ItemGroup>
  <ItemGroup>
    <ClInclude Include="..\src\zeroconf\mdns.h">
      <Filter>Headers\zeroconf</Filter>
    </ClInclude>
    <ClInclude Include="..\src\zeroconf\mdns_service.hpp">
      <Filter>Headers\zeroconf</Filter>
    </ClInclude>
    <ClInclude Include="..\src\zeroconf\mdns_client.hpp">
      <Filter>Headers\zeroconf</Filter>
    </ClInclude>
    <ClInclude Include="..\src\proto-gen\warp.grpc.pb.h">
      <Filter>Headers\proto-gen</Filter>
    </ClInclude>
    <ClInclude Include="..\src\proto-gen\warp.pb.h">
      <Filter>Headers\proto-gen</Filter>
    </ClInclude>
    <ClInclude Include="..\src\gui\winpinator_frame.hpp">
      <Filter>Headers\gui</Filter>
    </ClInclude>
    <ClInclude Include="..\win32\resource.h">
      <Filter>Headers</Filter>
    </ClInclude>
    <ClInclude Include="..\src\gui\winpinator_banner.hpp">
      <Filter>Headers\gui</Filter>
    </ClInclude>
    <ClInclude Include="..\src\gui\utils.hpp">
      <Filter>Headers\gui</Filter>
    </ClInclude>
    <ClInclude Include="..\src\gui\page_starting.hpp">
      <Filter>Headers\gui</Filter>
    </ClInclude>
    <ClInclude Include="..\src\gui\page_offline.hpp">
      <Filter>Headers\gui</Filter>
    </ClInclude>
    <ClInclude Include="..\src\gui\page_nohosts.hpp">
      <Filter>Headers\gui</Filter>
    </ClInclude>
    <ClInclude Include="..\src\gui\page_hostlist.hpp">
      <Filter>Headers\gui</Filter>
    </ClInclude>
    <ClInclude Include="..\src\gui\tool_button.hpp">
      <Filter>Headers\gui</Filter>
    </ClInclude>
    <ClInclude Include="..\src\gui\host_listbox.hpp">
      <Filter>Headers\gui</Filter>
    </ClInclude>
    <ClInclude Include="..\src\service\account_picture_extractor.hpp">
      <Filter>Headers\service</Filter>
    </ClInclude>
    <ClInclude Include="..\src\service\winpinator_service.hpp">
      <Filter>Headers\service</Filter>
    </ClInclude>
    <ClInclude Include="..\src\service\service_observer.hpp">
      <Filter>Headers\service</Filter>
    </ClInclude>
    <ClInclude Include="..\src\service\observable_service.hpp">
      <Filter>Headers\service</Filter>
    </ClInclude>
    <ClInclude Include="..\src\globals.hpp">
      <Filter>Headers</Filter>
    </ClInclude>
    <ClInclude Include="..\src\gui\screen_selector.hpp">
      <Filter>Headers\gui</Filter>
    </ClInclude>
    <ClInclude Include="..\src\service\event.hpp">
      <Filter>Headers\service</Filter>
    </ClInclude>
    <ClInclude Include="..\src\service\service_utils.hpp">
      <Filter>Headers\service</Filter>
    </ClInclude>
    <ClInclude Include="..\src\service\auth_manager.hpp">
      <Filter>Headers\service</Filter>
    </ClInclude>
    <ClInclude Include="..\src\zeroconf\mdns_types.hpp">
      <Filter>Headers\zeroconf</Filter>
    </ClInclude>
    <ClInclude Include="..\src\service\registration_v2_impl.hpp">
      <Filter>Headers\service</Filter>
    </ClInclude>
    <ClInclude Include="..\src\service\registration_v1_impl.hpp">
      <Filter>Headers\service</Filter>
    </ClInclude>
    <ClInclude Include="..\src\service\remote_manager.hpp">
      <Filter>Headers\service</Filter>
    </ClInclude>
    <ClInclude Include="..\src\service\remote_info.hpp">
      <Filter>Headers\service</Filter>
    </ClInclude>
    <ClInclude Include="..\src\gui\progress_label.hpp">
      <Filter>Headers\gui</Filter>
    </ClInclude>
    <ClInclude Include="..\src\gui\spritesheet_animator.hpp">
      <Filter>Headers\gui</Filter>
    </ClInclude>
    <ClInclude Include="..\src\service\warp_service_impl.hpp">
      <Filter>Headers\service</Filter>
    </ClInclude>
    <ClInclude Include="..\src\running_instance_detector.hpp">
      <Filter>Headers</Filter>
    </ClInclude>
    <ClInclude Include="..\src\winpinator_dde_server.hpp">
      <Filter>Headers</Filter>
    </ClInclude>
    <ClInclude Include="..\src\winpinator_dde_client.hpp">
      <Filter>Headers</Filter>
    </ClInclude>
    <ClInclude Include="..\src\winpinator_dde_consts.hpp">
      <Filter>Headers</Filter>
    </ClInclude>
    <ClInclude Include="..\src\tray_icon.hpp">
      <Filter>Headers</Filter>
    </ClInclude>
    <ClInclude Include="..\src\service\remote_handler.hpp">
      <Filter>Headers\service</Filter>
    </ClInclude>
    <ClInclude Include="..\src\service\service_errors.hpp">
      <Filter>Headers\service</Filter>
    </ClInclude>
    <ClInclude Include="..\src\gui\page_error.hpp">
      <Filter>Headers\gui</Filter>
    </ClInclude>
    <ClInclude Include="..\src\thread_name.hpp">
      <Filter>Headers</Filter>
    </ClInclude>
    <ClInclude Include="..\src\gui\page_transferlist.hpp">
      <Filter>Headers\gui</Filter>
    </ClInclude>
    <ClInclude Include="..\src\service\database_manager.hpp">
      <Filter>Headers\service</Filter>
    </ClInclude>
    <ClInclude Include="..\src\gui\status_text.hpp">
      <Filter>Headers\gui</Filter>
    </ClInclude>
    <ClInclude Include="..\src\gui\transfer_history.hpp">
      <Filter>Headers\gui</Filter>
    </ClInclude>
    <ClInclude Include="..\src\gui\history_group_header.hpp">
      <Filter>Headers\gui</Filter>
    </ClInclude>
    <ClInclude Include="..\src\gui\history_item.hpp">
      <Filter>Headers\gui</Filter>
    </ClInclude>
    <ClInclude Include="..\src\gui\history_element_pending.hpp">
      <Filter>Headers\gui</Filter>
    </ClInclude>
    <ClInclude Include="..\src\gui\history_std_bitmaps.hpp">
      <Filter>Headers\gui</Filter>
    </ClInclude>
    <ClInclude Include="..\src\service\database_types.hpp">
      <Filter>Headers\service</Filter>
    </ClInclude>
    <ClInclude Include="..\src\service\database_utils.hpp">
      <Filter>Headers\service</Filter>
    </ClInclude>
    <ClInclude Include="..\src\gui\history_element_finished.hpp">
      <Filter>Headers\gui</Filter>
    </ClInclude>
    <ClInclude Include="..\src\gui\history_item_icon.hpp">
      <Filter>Headers\gui</Filter>
    </ClInclude>
    <ClInclude Include="..\src\service\transfer_manager.hpp">
      <Filter>Headers\service</Filter>
    </ClInclude>
    <ClInclude Include="..\src\service\transfer_types.hpp">
      <Filter>Headers\service</Filter>
    </ClInclude>
    <ClInclude Include="..\src\gui\pointer_event.hpp">
      <Filter>Headers\gui</Filter>
    </ClInclude>
    <ClInclude Include="..\src\service\notification.hpp">
      <Filter>Headers\service</Filter>
    </ClInclude>
    <ClInclude Include="..\src\service\notification_accept_files.hpp">
      <Filter>Headers\service</Filter>
    </ClInclude>
    <ClInclude Include="..\src\service\icon_extractor.hpp">
      <Filter>Headers\service</Filter>
    </ClInclude>
    <ClInclude Include="..\src\service\unix_permissions.hpp">
      <Filter>Headers\service</Filter>
    </ClInclude>
    <ClInclude Include="..\src\service\zlib_deflate.hpp">
      <Filter>Headers\service</Filter>
    </ClInclude>
    <ClInclude Include="..\src\gui\transfer_speed_calculator.hpp">
      <Filter>Headers\gui</Filter>
    </ClInclude>
  </ItemGroup>
  <ItemGroup>
    <ClCompile Include="..\src\zeroconf\mdns_service.cpp">
      <Filter>Sources\zeroconf</Filter>
    </ClCompile>
    <ClCompile Include="..\src\main.cpp">
      <Filter>Sources</Filter>
    </ClCompile>
    <ClCompile Include="..\src\zeroconf\mdns_client.cpp">
      <Filter>Sources\zeroconf</Filter>
    </ClCompile>
    <ClCompile Include="..\src\proto-gen\warp.grpc.pb.cc">
      <Filter>Sources\proto-gen</Filter>
    </ClCompile>
    <ClCompile Include="..\src\proto-gen\warp.pb.cc">
      <Filter>Sources\proto-gen</Filter>
    </ClCompile>
    <ClCompile Include="..\src\gui\winpinator_frame.cpp">
      <Filter>Sources\gui</Filter>
    </ClCompile>
    <ClCompile Include="..\src\gui\winpinator_banner.cpp">
      <Filter>Sources\gui</Filter>
    </ClCompile>
    <ClCompile Include="..\src\gui\utils.cpp">
      <Filter>Sources\gui</Filter>
    </ClCompile>
    <ClCompile Include="..\src\gui\page_starting.cpp">
      <Filter>Sources\gui</Filter>
    </ClCompile>
    <ClCompile Include="..\src\gui\page_offline.cpp">
      <Filter>Sources\gui</Filter>
    </ClCompile>
    <ClCompile Include="..\src\gui\page_nohosts.cpp">
      <Filter>Sources\gui</Filter>
    </ClCompile>
    <ClCompile Include="..\src\gui\page_hostlist.cpp">
      <Filter>Sources\gui</Filter>
    </ClCompile>
    <ClCompile Include="..\src\gui\tool_button.cpp">
      <Filter>Sources\gui</Filter>
    </ClCompile>
    <ClCompile Include="..\src\gui\host_listbox.cpp">
      <Filter>Sources\gui</Filter>
    </ClCompile>
    <ClCompile Include="..\src\service\account_picture_extractor.cpp">
      <Filter>Sources\service</Filter>
    </ClCompile>
    <ClCompile Include="..\src\service\winpinator_service.cpp">
      <Filter>Sources\service</Filter>
    </ClCompile>
    <ClCompile Include="..\src\service\observable_service.cpp">
      <Filter>Sources\service</Filter>
    </ClCompile>
    <ClCompile Include="..\src\service\service_observer.cpp">
      <Filter>Sources\service</Filter>
    </ClCompile>
    <ClCompile Include="..\src\globals.cpp">
      <Filter>Sources</Filter>
    </ClCompile>
    <ClCompile Include="..\src\gui\screen_selector.cpp">
      <Filter>Sources\gui</Filter>
    </ClCompile>
    <ClCompile Include="..\src\service\service_utils.cpp">
      <Filter>Sources\service</Filter>
    </ClCompile>
    <ClCompile Include="..\src\service\auth_manager.cpp">
      <Filter>Sources\service</Filter>
    </ClCompile>
    <ClCompile Include="..\src\service\service_base64.cpp">
      <Filter>Sources\service</Filter>
    </ClCompile>
    <ClCompile Include="..\src\service\registration_v2_impl.cpp">
      <Filter>Sources\service</Filter>
    </ClCompile>
    <ClCompile Include="..\src\service\registration_v1_impl.cpp">
      <Filter>Sources\service</Filter>
    </ClCompile>
    <ClCompile Include="..\src\service\remote_manager.cpp">
      <Filter>Sources\service</Filter>
    </ClCompile>
    <ClCompile Include="..\src\gui\progress_label.cpp">
      <Filter>Sources\gui</Filter>
    </ClCompile>
    <ClCompile Include="..\src\gui\spritesheet_animator.cpp">
      <Filter>Sources\gui</Filter>
    </ClCompile>
    <ClCompile Include="..\src\service\warp_service_impl.cpp">
      <Filter>Sources\service</Filter>
    </ClCompile>
    <ClCompile Include="..\src\running_instance_detector.cpp">
      <Filter>Sources</Filter>
    </ClCompile>
    <ClCompile Include="..\src\winpinator_dde_server.cpp">
      <Filter>Sources</Filter>
    </ClCompile>
    <ClCompile Include="..\src\winpinator_dde_client.cpp">
      <Filter>Sources</Filter>
    </ClCompile>
    <ClCompile Include="..\src\winpinator_dde_consts.cpp">
      <Filter>Sources</Filter>
    </ClCompile>
    <ClCompile Include="..\src\tray_icon.cpp">
      <Filter>Sources</Filter>
    </ClCompile>
    <ClCompile Include="..\src\service\remote_handler.cpp">
      <Filter>Sources\service</Filter>
    </ClCompile>
    <ClCompile Include="..\src\gui\page_error.cpp">
      <Filter>Sources\gui</Filter>
    </ClCompile>
    <ClCompile Include="..\src\gui\page_transferlist.cpp">
      <Filter>Sources\gui</Filter>
    </ClCompile>
    <ClCompile Include="..\src\service\database_manager.cpp">
      <Filter>Sources\service</Filter>
    </ClCompile>
    <ClCompile Include="..\src\gui\status_text.cpp">
      <Filter>Sources\gui</Filter>
    </ClCompile>
    <ClCompile Include="..\src\gui\transfer_history.cpp">
      <Filter>Sources\gui</Filter>
    </ClCompile>
    <ClCompile Include="..\src\gui\history_group_header.cpp">
      <Filter>Sources\gui</Filter>
    </ClCompile>
    <ClCompile Include="..\src\gui\history_item.cpp">
      <Filter>Sources\gui</Filter>
    </ClCompile>
    <ClCompile Include="..\src\gui\history_element_pending.cpp">
      <Filter>Sources\gui</Filter>
    </ClCompile>
    <ClCompile Include="..\src\service\database_utils.cpp">
      <Filter>Sources\service</Filter>
    </ClCompile>
    <ClCompile Include="..\src\gui\history_element_finished.cpp">
      <Filter>Sources\gui</Filter>
    </ClCompile>
    <ClCompile Include="..\src\gui\history_item_icon.cpp">
      <Filter>Sources\gui</Filter>
    </ClCompile>
    <ClCompile Include="..\src\service\transfer_manager.cpp">
      <Filter>Sources\service</Filter>
    </ClCompile>
    <ClCompile Include="..\src\gui\pointer_event.cpp">
      <Filter>Sources\gui</Filter>
    </ClCompile>
    <ClCompile Include="..\src\service\notification.cpp">
      <Filter>Sources\service</Filter>
    </ClCompile>
    <ClCompile Include="..\src\service\notification_accept_files.cpp">
      <Filter>Sources\service</Filter>
    </ClCompile>
    <ClCompile Include="..\src\service\icon_extractor.cpp">
      <Filter>Sources\service</Filter>
    </ClCompile>
    <ClCompile Include="..\src\service\unix_permissions.cpp">
      <Filter>Sources\service</Filter>
    </ClCompile>
    <ClCompile Include="..\src\service\zlib_deflate.cpp">
      <Filter>Sources\service</Filter>
    </ClCompile>
    <ClCompile Include="..\src\gui\transfer_speed_calculator.cpp">
      <Filter>Sources\gui</Filter>
    </ClCompile>
  </ItemGroup>
  <ItemGroup>
    <Manifest Include="..\win32\manifest.manifest">
      <Filter>Resources</Filter>
    </Manifest>
  </ItemGroup>
  <ItemGroup>
    <Image Include="..\res\icon.ico">
      <Filter>Resources</Filter>
    </Image>
    <Image Include="..\res\blot.png">
      <Filter>Resources</Filter>
    </Image>
    <Image Include="..\res\warning.png">
      <Filter>Resources</Filter>
    </Image>
    <Image Include="..\res\info.png">
      <Filter>Resources</Filter>
    </Image>
    <Image Include="..\res\refresh.png">
      <Filter>Resources</Filter>
    </Image>
    <Image Include="..\res\unk_profile.png">
      <Filter>Resources</Filter>
    </Image>
    <Image Include="..\res\icon256.png">
      <Filter>Resources</Filter>
    </Image>
    <Image Include="..\res\spinner16.png">
      <Filter>Resources</Filter>
    </Image>
    <Image Include="..\res\spinner48.png">
      <Filter>Resources</Filter>
    </Image>
    <Image Include="..\res\tray_err.ico">
      <Filter>Resources</Filter>
    </Image>
    <Image Include="..\res\tray_wait.ico">
      <Filter>Resources</Filter>
    </Image>
    <Image Include="..\res\tray_ok.ico">
      <Filter>Resources</Filter>
    </Image>
    <Image Include="..\res\error.png">
      <Filter>Resources</Filter>
    </Image>
    <Image Include="..\res\back.png">
      <Filter>Resources</Filter>
    </Image>
    <Image Include="..\res\forward.png">
      <Filter>Resources</Filter>
    </Image>
    <Image Include="..\res\send_file.png">
      <Filter>Resources</Filter>
    </Image>
    <Image Include="..\res\send_directory.png">
      <Filter>Resources</Filter>
    </Image>
    <Image Include="..\res\transfer_file_x.png">
      <Filter>Resources</Filter>
    </Image>
    <Image Include="..\res\transfer_file_file.png">
      <Filter>Resources</Filter>
    </Image>
    <Image Include="..\res\transfer_dir_x.png">
      <Filter>Resources</Filter>
    </Image>
    <Image Include="..\res\transfer_dir_dir.png">
      <Filter>Resources</Filter>
    </Image>
    <Image Include="..\res\transfer_dir_file.png">
      <Filter>Resources</Filter>
    </Image>
    <Image Include="..\res\transfer_badge_up.png">
      <Filter>Resources</Filter>
    </Image>
    <Image Include="..\res\transfer_badge_down.png">
      <Filter>Resources</Filter>
    </Image>
    <Image Include="..\res\transfer_status_success.png">
      <Filter>Resources</Filter>
    </Image>
    <Image Include="..\res\transfer_status_cancelled.png">
      <Filter>Resources</Filter>
    </Image>
    <Image Include="..\res\transfer_status_error.png">
      <Filter>Resources</Filter>
    </Image>
  </ItemGroup>
</Project>